
Microsoft Visual Studio Solution File, Format Version 12.00
# Visual Studio 15
VisualStudioVersion = 15.0.28010.2003
MinimumVisualStudioVersion = 10.0.40219.1
Project("{2150E333-8FDC-42A3-9474-1A3956D46DE8}") = ".libs", ".libs", "{54B9CC71-966D-411D-B8D2-9F45A48743FF}"
EndProject
Project("{2150E333-8FDC-42A3-9474-1A3956D46DE8}") = ".benchmarks", ".benchmarks", "{042989E1-2E3C-4B4D-A14C-438114C26AC1}"
EndProject
Project("{2150E333-8FDC-42A3-9474-1A3956D46DE8}") = ".builds", ".builds", "{CF0755B9-9E5F-4293-B105-6897022D24C8}"
EndProject
Project("{2150E333-8FDC-42A3-9474-1A3956D46DE8}") = "Application", "Application", "{8F937DF9-D43E-4DF3-B0D0-53A02F4E0A40}"
EndProject
Project("{2150E333-8FDC-42A3-9474-1A3956D46DE8}") = "Domain", "Domain", "{7EB68F47-B98B-4092-9FCB-89E756E2CB12}"
EndProject
Project("{2150E333-8FDC-42A3-9474-1A3956D46DE8}") = "BackgroundTasks", "BackgroundTasks", "{628F8CDA-F825-4457-ACC4-8BABE4978F64}"
EndProject
Project("{2150E333-8FDC-42A3-9474-1A3956D46DE8}") = "Shared", "Shared", "{44565E02-B377-4F35-8DA1-2D964A53AC29}"
EndProject
Project("{2150E333-8FDC-42A3-9474-1A3956D46DE8}") = "Tests", "Tests", "{1CA2BC4C-8DE7-4D12-AB9C-6390F62AC07D}"
EndProject
Project("{2150E333-8FDC-42A3-9474-1A3956D46DE8}") = "WebApps", "WebApps", "{6152B7D2-E213-4074-8A32-448CF08B0066}"
EndProject
Project("{9A19103F-16F7-4668-BE54-9A1E7A4F7556}") = "PayFlex.Identity.Shared", "Shared\PayFlex.Identity.Shared\PayFlex.Identity.Shared.csproj", "{679082B8-638C-46AA-AC25-73CC08BBF98B}"
EndProject
Project("{9A19103F-16F7-4668-BE54-9A1E7A4F7556}") = "PayFlex.Identity.Domain", "Domain\PayFlex.Identity.Domain\PayFlex.Identity.Domain.csproj", "{B6997E9F-F849-4B92-A757-97F2A223D4A0}"
EndProject
Project("{9A19103F-16F7-4668-BE54-9A1E7A4F7556}") = "PayFlex.Identity.BackgroundTasks", "BackgroundTasks\PayFlex.Identity.BackgroundTasks\PayFlex.Identity.BackgroundTasks.csproj", "{912A2532-9F37-4930-BF59-DE71BE09255E}"
EndProject
Project("{2150E333-8FDC-42A3-9474-1A3956D46DE8}") = "Infrastructure", "Infrastructure", "{0E62799F-9580-4FF1-95A8-476EE0F56768}"
EndProject
Project("{9A19103F-16F7-4668-BE54-9A1E7A4F7556}") = "PayFlex.Identity.Application", "Application\PayFlex.Identity.Application\PayFlex.Identity.Application.csproj", "{C150D570-A93E-445B-A3E5-05AF133B9B38}"
EndProject
Project("{9A19103F-16F7-4668-BE54-9A1E7A4F7556}") = "PayFlex.Identity.Application.Contracts", "Application\PayFlex.Identity.Application.Contracts\PayFlex.Identity.Application.Contracts.csproj", "{9116A6DB-D52F-46DE-B4A9-0465285F2ABC}"
EndProject
Project("{2150E333-8FDC-42A3-9474-1A3956D46DE8}") = "Hosts", "Hosts", "{60E535B4-96B2-4B76-B336-F17576704E85}"
EndProject
Project("{9A19103F-16F7-4668-BE54-9A1E7A4F7556}") = "PayFlex.Identity.API", "Application\PayFlex.Identity.API\PayFlex.Identity.API.csproj", "{9463AB6F-6350-4387-A00C-35BF487347AC}"
EndProject
Project("{9A19103F-16F7-4668-BE54-9A1E7A4F7556}") = "PayFlex.Identity.Infrastructure", "Infrastructure\PayFlex.Identity.Infrastructure\PayFlex.Identity.Infrastructure.csproj", "{8D865C83-C31B-427F-8B42-D392167B385A}"
EndProject
Project("{9A19103F-16F7-4668-BE54-9A1E7A4F7556}") = "PayFlex.Identity.EFRepositories", "Infrastructure\PayFlex.Identity.EFRepositories\PayFlex.Identity.EFRepositories.csproj", "{9CF48F0E-2491-4046-B779-FF062BAB416B}"
EndProject
Project("{9A19103F-16F7-4668-BE54-9A1E7A4F7556}") = "Galaxy", "libs\Galaxy\Galaxy.csproj", "{FCE5EA70-6B9D-4C55-9AB9-411C68F99192}"
EndProject
Project("{9A19103F-16F7-4668-BE54-9A1E7A4F7556}") = "Galaxy.Cache", "libs\Galaxy.Cache\Galaxy.Cache.csproj", "{99565EED-53D9-42C8-A315-186B582ABE15}"
EndProject
Project("{9A19103F-16F7-4668-BE54-9A1E7A4F7556}") = "Galaxy.EntityFrameworkCore", "libs\Galaxy.EntityFrameworkCore\Galaxy.EntityFrameworkCore.csproj", "{326C7DE7-495F-4405-8BD4-6E9095609198}"
EndProject
Project("{9A19103F-16F7-4668-BE54-9A1E7A4F7556}") = "Galaxy.FluentValidation", "libs\Galaxy.FluentValidation\Galaxy.FluentValidation.csproj", "{70CF2EEA-71A2-4ACA-8A8B-C89D9F1B424A}"
EndProject
Project("{9A19103F-16F7-4668-BE54-9A1E7A4F7556}") = "Galaxy.Identity", "libs\Galaxy.Identity\Galaxy.Identity.csproj", "{E0701301-2921-4D3E-896E-37346F212523}"
EndProject
Project("{9A19103F-16F7-4668-BE54-9A1E7A4F7556}") = "Galaxy.Identity.Domain", "libs\Galaxy.Identity.Domain\Galaxy.Identity.Domain.csproj", "{25C6B8B0-9E81-42D5-A5DE-4AB694989F5E}"
EndProject
Project("{9A19103F-16F7-4668-BE54-9A1E7A4F7556}") = "Galaxy.Identity.Infrastructure", "libs\Galaxy.Identity.Infrastructure\Galaxy.Identity.Infrastructure.csproj", "{25D6A1C9-337D-418A-8562-5DE1EA227414}"
EndProject
Project("{9A19103F-16F7-4668-BE54-9A1E7A4F7556}") = "Galaxy.Mapster", "libs\Galaxy.Mapster\Galaxy.Mapster.csproj", "{8982605D-FACB-456B-955C-F83239E35425}"
EndProject
Project("{9A19103F-16F7-4668-BE54-9A1E7A4F7556}") = "Galaxy.NewtonSoftJson", "libs\Galaxy.NewtonSoftJson\Galaxy.NewtonSoftJson.csproj", "{9FEB32B4-DB3F-4093-BEED-2C73D65EB97F}"
EndProject
Project("{9A19103F-16F7-4668-BE54-9A1E7A4F7556}") = "Galaxy.Serilog", "libs\Galaxy.Serilog\Galaxy.Serilog.csproj", "{D7E8B8E6-E5E6-49A4-A9B4-2C6311729BC4}"
EndProject
Project("{FAE04EC0-301F-11D3-BF4B-00C04F79EFBC}") = "PayFlex.Identity.Domain.Tests", "Tests\PayFlex.Identity.Domain.Tests\PayFlex.Identity.Domain.Tests.csproj", "{5002260C-AEED-4669-8071-82F7D593917F}"
EndProject
Project("{FAE04EC0-301F-11D3-BF4B-00C04F79EFBC}") = "PayFlex.Identity.Application.Tests", "Tests\PayFlex.Identity.Application.Tests\PayFlex.Identity.Application.Tests.csproj", "{EE0C0AC6-8FCB-4517-BA20-CA8BC86780D3}"
EndProject
Global
	GlobalSection(SolutionConfigurationPlatforms) = preSolution
		Debug|Any CPU = Debug|Any CPU
		Release|Any CPU = Release|Any CPU
	EndGlobalSection
	GlobalSection(ProjectConfigurationPlatforms) = postSolution
		{679082B8-638C-46AA-AC25-73CC08BBF98B}.Debug|Any CPU.ActiveCfg = Debug|Any CPU
		{679082B8-638C-46AA-AC25-73CC08BBF98B}.Debug|Any CPU.Build.0 = Debug|Any CPU
		{679082B8-638C-46AA-AC25-73CC08BBF98B}.Release|Any CPU.ActiveCfg = Release|Any CPU
		{679082B8-638C-46AA-AC25-73CC08BBF98B}.Release|Any CPU.Build.0 = Release|Any CPU
		{B6997E9F-F849-4B92-A757-97F2A223D4A0}.Debug|Any CPU.ActiveCfg = Debug|Any CPU
		{B6997E9F-F849-4B92-A757-97F2A223D4A0}.Debug|Any CPU.Build.0 = Debug|Any CPU
		{B6997E9F-F849-4B92-A757-97F2A223D4A0}.Release|Any CPU.ActiveCfg = Release|Any CPU
		{B6997E9F-F849-4B92-A757-97F2A223D4A0}.Release|Any CPU.Build.0 = Release|Any CPU
		{912A2532-9F37-4930-BF59-DE71BE09255E}.Debug|Any CPU.ActiveCfg = Debug|Any CPU
		{912A2532-9F37-4930-BF59-DE71BE09255E}.Debug|Any CPU.Build.0 = Debug|Any CPU
		{912A2532-9F37-4930-BF59-DE71BE09255E}.Release|Any CPU.ActiveCfg = Release|Any CPU
		{912A2532-9F37-4930-BF59-DE71BE09255E}.Release|Any CPU.Build.0 = Release|Any CPU
		{C150D570-A93E-445B-A3E5-05AF133B9B38}.Debug|Any CPU.ActiveCfg = Debug|Any CPU
		{C150D570-A93E-445B-A3E5-05AF133B9B38}.Debug|Any CPU.Build.0 = Debug|Any CPU
		{C150D570-A93E-445B-A3E5-05AF133B9B38}.Release|Any CPU.ActiveCfg = Release|Any CPU
		{C150D570-A93E-445B-A3E5-05AF133B9B38}.Release|Any CPU.Build.0 = Release|Any CPU
		{9116A6DB-D52F-46DE-B4A9-0465285F2ABC}.Debug|Any CPU.ActiveCfg = Debug|Any CPU
		{9116A6DB-D52F-46DE-B4A9-0465285F2ABC}.Debug|Any CPU.Build.0 = Debug|Any CPU
		{9116A6DB-D52F-46DE-B4A9-0465285F2ABC}.Release|Any CPU.ActiveCfg = Release|Any CPU
		{9116A6DB-D52F-46DE-B4A9-0465285F2ABC}.Release|Any CPU.Build.0 = Release|Any CPU
		{9463AB6F-6350-4387-A00C-35BF487347AC}.Debug|Any CPU.ActiveCfg = Debug|Any CPU
		{9463AB6F-6350-4387-A00C-35BF487347AC}.Debug|Any CPU.Build.0 = Debug|Any CPU
		{9463AB6F-6350-4387-A00C-35BF487347AC}.Release|Any CPU.ActiveCfg = Release|Any CPU
		{9463AB6F-6350-4387-A00C-35BF487347AC}.Release|Any CPU.Build.0 = Release|Any CPU
		{8D865C83-C31B-427F-8B42-D392167B385A}.Debug|Any CPU.ActiveCfg = Debug|Any CPU
		{8D865C83-C31B-427F-8B42-D392167B385A}.Debug|Any CPU.Build.0 = Debug|Any CPU
		{8D865C83-C31B-427F-8B42-D392167B385A}.Release|Any CPU.ActiveCfg = Release|Any CPU
		{8D865C83-C31B-427F-8B42-D392167B385A}.Release|Any CPU.Build.0 = Release|Any CPU
		{9CF48F0E-2491-4046-B779-FF062BAB416B}.Debug|Any CPU.ActiveCfg = Debug|Any CPU
		{9CF48F0E-2491-4046-B779-FF062BAB416B}.Debug|Any CPU.Build.0 = Debug|Any CPU
		{9CF48F0E-2491-4046-B779-FF062BAB416B}.Release|Any CPU.ActiveCfg = Release|Any CPU
		{9CF48F0E-2491-4046-B779-FF062BAB416B}.Release|Any CPU.Build.0 = Release|Any CPU
		{FCE5EA70-6B9D-4C55-9AB9-411C68F99192}.Debug|Any CPU.ActiveCfg = Debug|Any CPU
		{FCE5EA70-6B9D-4C55-9AB9-411C68F99192}.Debug|Any CPU.Build.0 = Debug|Any CPU
		{FCE5EA70-6B9D-4C55-9AB9-411C68F99192}.Release|Any CPU.ActiveCfg = Release|Any CPU
		{FCE5EA70-6B9D-4C55-9AB9-411C68F99192}.Release|Any CPU.Build.0 = Release|Any CPU
		{99565EED-53D9-42C8-A315-186B582ABE15}.Debug|Any CPU.ActiveCfg = Debug|Any CPU
		{99565EED-53D9-42C8-A315-186B582ABE15}.Debug|Any CPU.Build.0 = Debug|Any CPU
		{99565EED-53D9-42C8-A315-186B582ABE15}.Release|Any CPU.ActiveCfg = Release|Any CPU
		{99565EED-53D9-42C8-A315-186B582ABE15}.Release|Any CPU.Build.0 = Release|Any CPU
		{326C7DE7-495F-4405-8BD4-6E9095609198}.Debug|Any CPU.ActiveCfg = Debug|Any CPU
		{326C7DE7-495F-4405-8BD4-6E9095609198}.Debug|Any CPU.Build.0 = Debug|Any CPU
		{326C7DE7-495F-4405-8BD4-6E9095609198}.Release|Any CPU.ActiveCfg = Release|Any CPU
		{326C7DE7-495F-4405-8BD4-6E9095609198}.Release|Any CPU.Build.0 = Release|Any CPU
		{70CF2EEA-71A2-4ACA-8A8B-C89D9F1B424A}.Debug|Any CPU.ActiveCfg = Debug|Any CPU
		{70CF2EEA-71A2-4ACA-8A8B-C89D9F1B424A}.Debug|Any CPU.Build.0 = Debug|Any CPU
		{70CF2EEA-71A2-4ACA-8A8B-C89D9F1B424A}.Release|Any CPU.ActiveCfg = Release|Any CPU
		{70CF2EEA-71A2-4ACA-8A8B-C89D9F1B424A}.Release|Any CPU.Build.0 = Release|Any CPU
		{E0701301-2921-4D3E-896E-37346F212523}.Debug|Any CPU.ActiveCfg = Debug|Any CPU
		{E0701301-2921-4D3E-896E-37346F212523}.Debug|Any CPU.Build.0 = Debug|Any CPU
		{E0701301-2921-4D3E-896E-37346F212523}.Release|Any CPU.ActiveCfg = Release|Any CPU
		{E0701301-2921-4D3E-896E-37346F212523}.Release|Any CPU.Build.0 = Release|Any CPU
		{25C6B8B0-9E81-42D5-A5DE-4AB694989F5E}.Debug|Any CPU.ActiveCfg = Debug|Any CPU
		{25C6B8B0-9E81-42D5-A5DE-4AB694989F5E}.Debug|Any CPU.Build.0 = Debug|Any CPU
		{25C6B8B0-9E81-42D5-A5DE-4AB694989F5E}.Release|Any CPU.ActiveCfg = Release|Any CPU
		{25C6B8B0-9E81-42D5-A5DE-4AB694989F5E}.Release|Any CPU.Build.0 = Release|Any CPU
		{25D6A1C9-337D-418A-8562-5DE1EA227414}.Debug|Any CPU.ActiveCfg = Debug|Any CPU
		{25D6A1C9-337D-418A-8562-5DE1EA227414}.Debug|Any CPU.Build.0 = Debug|Any CPU
		{25D6A1C9-337D-418A-8562-5DE1EA227414}.Release|Any CPU.ActiveCfg = Release|Any CPU
		{25D6A1C9-337D-418A-8562-5DE1EA227414}.Release|Any CPU.Build.0 = Release|Any CPU
		{8982605D-FACB-456B-955C-F83239E35425}.Debug|Any CPU.ActiveCfg = Debug|Any CPU
		{8982605D-FACB-456B-955C-F83239E35425}.Debug|Any CPU.Build.0 = Debug|Any CPU
		{8982605D-FACB-456B-955C-F83239E35425}.Release|Any CPU.ActiveCfg = Release|Any CPU
		{8982605D-FACB-456B-955C-F83239E35425}.Release|Any CPU.Build.0 = Release|Any CPU
		{9FEB32B4-DB3F-4093-BEED-2C73D65EB97F}.Debug|Any CPU.ActiveCfg = Debug|Any CPU
		{9FEB32B4-DB3F-4093-BEED-2C73D65EB97F}.Debug|Any CPU.Build.0 = Debug|Any CPU
		{9FEB32B4-DB3F-4093-BEED-2C73D65EB97F}.Release|Any CPU.ActiveCfg = Release|Any CPU
		{9FEB32B4-DB3F-4093-BEED-2C73D65EB97F}.Release|Any CPU.Build.0 = Release|Any CPU
		{D7E8B8E6-E5E6-49A4-A9B4-2C6311729BC4}.Debug|Any CPU.ActiveCfg = Debug|Any CPU
		{D7E8B8E6-E5E6-49A4-A9B4-2C6311729BC4}.Debug|Any CPU.Build.0 = Debug|Any CPU
		{D7E8B8E6-E5E6-49A4-A9B4-2C6311729BC4}.Release|Any CPU.ActiveCfg = Release|Any CPU
		{D7E8B8E6-E5E6-49A4-A9B4-2C6311729BC4}.Release|Any CPU.Build.0 = Release|Any CPU
		{5002260C-AEED-4669-8071-82F7D593917F}.Debug|Any CPU.ActiveCfg = Debug|Any CPU
		{5002260C-AEED-4669-8071-82F7D593917F}.Debug|Any CPU.Build.0 = Debug|Any CPU
		{5002260C-AEED-4669-8071-82F7D593917F}.Release|Any CPU.ActiveCfg = Release|Any CPU
		{5002260C-AEED-4669-8071-82F7D593917F}.Release|Any CPU.Build.0 = Release|Any CPU
		{EE0C0AC6-8FCB-4517-BA20-CA8BC86780D3}.Debug|Any CPU.ActiveCfg = Debug|Any CPU
		{EE0C0AC6-8FCB-4517-BA20-CA8BC86780D3}.Debug|Any CPU.Build.0 = Debug|Any CPU
		{EE0C0AC6-8FCB-4517-BA20-CA8BC86780D3}.Release|Any CPU.ActiveCfg = Release|Any CPU
		{EE0C0AC6-8FCB-4517-BA20-CA8BC86780D3}.Release|Any CPU.Build.0 = Release|Any CPU
	EndGlobalSection
	GlobalSection(SolutionProperties) = preSolution
		HideSolutionNode = FALSE
	EndGlobalSection
	GlobalSection(NestedProjects) = preSolution
		{679082B8-638C-46AA-AC25-73CC08BBF98B} = {44565E02-B377-4F35-8DA1-2D964A53AC29}
		{B6997E9F-F849-4B92-A757-97F2A223D4A0} = {7EB68F47-B98B-4092-9FCB-89E756E2CB12}
		{912A2532-9F37-4930-BF59-DE71BE09255E} = {628F8CDA-F825-4457-ACC4-8BABE4978F64}
		{C150D570-A93E-445B-A3E5-05AF133B9B38} = {8F937DF9-D43E-4DF3-B0D0-53A02F4E0A40}
		{9116A6DB-D52F-46DE-B4A9-0465285F2ABC} = {8F937DF9-D43E-4DF3-B0D0-53A02F4E0A40}
		{60E535B4-96B2-4B76-B336-F17576704E85} = {8F937DF9-D43E-4DF3-B0D0-53A02F4E0A40}
		{9463AB6F-6350-4387-A00C-35BF487347AC} = {60E535B4-96B2-4B76-B336-F17576704E85}
		{8D865C83-C31B-427F-8B42-D392167B385A} = {0E62799F-9580-4FF1-95A8-476EE0F56768}
		{9CF48F0E-2491-4046-B779-FF062BAB416B} = {0E62799F-9580-4FF1-95A8-476EE0F56768}
		{FCE5EA70-6B9D-4C55-9AB9-411C68F99192} = {54B9CC71-966D-411D-B8D2-9F45A48743FF}
		{99565EED-53D9-42C8-A315-186B582ABE15} = {54B9CC71-966D-411D-B8D2-9F45A48743FF}
		{326C7DE7-495F-4405-8BD4-6E9095609198} = {54B9CC71-966D-411D-B8D2-9F45A48743FF}
		{70CF2EEA-71A2-4ACA-8A8B-C89D9F1B424A} = {54B9CC71-966D-411D-B8D2-9F45A48743FF}
		{E0701301-2921-4D3E-896E-37346F212523} = {54B9CC71-966D-411D-B8D2-9F45A48743FF}
		{25C6B8B0-9E81-42D5-A5DE-4AB694989F5E} = {54B9CC71-966D-411D-B8D2-9F45A48743FF}
		{25D6A1C9-337D-418A-8562-5DE1EA227414} = {54B9CC71-966D-411D-B8D2-9F45A48743FF}
		{8982605D-FACB-456B-955C-F83239E35425} = {54B9CC71-966D-411D-B8D2-9F45A48743FF}
		{9FEB32B4-DB3F-4093-BEED-2C73D65EB97F} = {54B9CC71-966D-411D-B8D2-9F45A48743FF}
		{D7E8B8E6-E5E6-49A4-A9B4-2C6311729BC4} = {54B9CC71-966D-411D-B8D2-9F45A48743FF}
		{5002260C-AEED-4669-8071-82F7D593917F} = {1CA2BC4C-8DE7-4D12-AB9C-6390F62AC07D}
		{EE0C0AC6-8FCB-4517-BA20-CA8BC86780D3} = {1CA2BC4C-8DE7-4D12-AB9C-6390F62AC07D}
	EndGlobalSection
	GlobalSection(ExtensibilityGlobals) = postSolution
		SolutionGuid = {0AEE6C63-4788-4E92-92DC-66EC7A6A5233}
	EndGlobalSection
EndGlobal
